// !$*UTF8*$!
{
	archiveVersion = 1;
	classes = {
	};
	objectVersion = 56;
	objects = {

/* Begin PBXBuildFile section */
		94827C6B2BD52D0700A0584C /* PokemonRepository.swift in Sources */ = {isa = PBXBuildFile; fileRef = 94827C6A2BD52D0700A0584C /* PokemonRepository.swift */; };
		94827C6E2BD52D6B00A0584C /* Helpers.swift in Sources */ = {isa = PBXBuildFile; fileRef = 94827C6D2BD52D6B00A0584C /* Helpers.swift */; };
		94827C722BD52EED00A0584C /* PokemonDetailView.swift in Sources */ = {isa = PBXBuildFile; fileRef = 94827C712BD52EED00A0584C /* PokemonDetailView.swift */; };
		94827C742BD52F1900A0584C /* PokemonView.swift in Sources */ = {isa = PBXBuildFile; fileRef = 94827C732BD52F1900A0584C /* PokemonView.swift */; };
		94827C762BD5376200A0584C /* PokemonDataStore.swift in Sources */ = {isa = PBXBuildFile; fileRef = 94827C752BD5376200A0584C /* PokemonDataStore.swift */; };
		94827C782BD5377400A0584C /* PokemonService.swift in Sources */ = {isa = PBXBuildFile; fileRef = 94827C772BD5377400A0584C /* PokemonService.swift */; };
		94C61C612BD3ED8B0094902E /* PokemonApiApp.swift in Sources */ = {isa = PBXBuildFile; fileRef = 94C61C602BD3ED8B0094902E /* PokemonApiApp.swift */; };
		94C61C652BD3ED8C0094902E /* Assets.xcassets in Resources */ = {isa = PBXBuildFile; fileRef = 94C61C642BD3ED8C0094902E /* Assets.xcassets */; };
		94C61C682BD3ED8C0094902E /* Preview Assets.xcassets in Resources */ = {isa = PBXBuildFile; fileRef = 94C61C672BD3ED8C0094902E /* Preview Assets.xcassets */; };
		94C61C722BD3ED8C0094902E /* PokemonApiTests.swift in Sources */ = {isa = PBXBuildFile; fileRef = 94C61C712BD3ED8C0094902E /* PokemonApiTests.swift */; };
		94C61C7C2BD3ED8C0094902E /* PokemonApiUITests.swift in Sources */ = {isa = PBXBuildFile; fileRef = 94C61C7B2BD3ED8C0094902E /* PokemonApiUITests.swift */; };
		94C61C7E2BD3ED8C0094902E /* PokemonApiUITestsLaunchTests.swift in Sources */ = {isa = PBXBuildFile; fileRef = 94C61C7D2BD3ED8C0094902E /* PokemonApiUITestsLaunchTests.swift */; };
		94C61CA62BD3EF2C0094902E /* GameIndex.swift in Sources */ = {isa = PBXBuildFile; fileRef = 94C61C8B2BD3EF2B0094902E /* GameIndex.swift */; };
		94C61CA72BD3EF2C0094902E /* Stat.swift in Sources */ = {isa = PBXBuildFile; fileRef = 94C61C8C2BD3EF2B0094902E /* Stat.swift */; };
		94C61CA82BD3EF2C0094902E /* TypeElement.swift in Sources */ = {isa = PBXBuildFile; fileRef = 94C61C8D2BD3EF2B0094902E /* TypeElement.swift */; };
		94C61CA92BD3EF2C0094902E /* HeldItem.swift in Sources */ = {isa = PBXBuildFile; fileRef = 94C61C8E2BD3EF2B0094902E /* HeldItem.swift */; };
		94C61CAA2BD3EF2C0094902E /* DreamWorld.swift in Sources */ = {isa = PBXBuildFile; fileRef = 94C61C8F2BD3EF2B0094902E /* DreamWorld.swift */; };
		94C61CAB2BD3EF2C0094902E /* Ability.swift in Sources */ = {isa = PBXBuildFile; fileRef = 94C61C902BD3EF2B0094902E /* Ability.swift */; };
		94C61CAC2BD3EF2C0094902E /* Sprites.swift in Sources */ = {isa = PBXBuildFile; fileRef = 94C61C912BD3EF2C0094902E /* Sprites.swift */; };
		94C61CAD2BD3EF2C0094902E /* Other.swift in Sources */ = {isa = PBXBuildFile; fileRef = 94C61C922BD3EF2C0094902E /* Other.swift */; };
		94C61CAE2BD3EF2C0094902E /* GenerationIii.swift in Sources */ = {isa = PBXBuildFile; fileRef = 94C61C932BD3EF2C0094902E /* GenerationIii.swift */; };
		94C61CAF2BD3EF2C0094902E /* Move.swift in Sources */ = {isa = PBXBuildFile; fileRef = 94C61C942BD3EF2C0094902E /* Move.swift */; };
		94C61CB02BD3EF2C0094902E /* Gold.swift in Sources */ = {isa = PBXBuildFile; fileRef = 94C61C952BD3EF2C0094902E /* Gold.swift */; };
		94C61CB12BD3EF2C0094902E /* RedBlue.swift in Sources */ = {isa = PBXBuildFile; fileRef = 94C61C962BD3EF2C0094902E /* RedBlue.swift */; };
		94C61CB22BD3EF2C0094902E /* Home.swift in Sources */ = {isa = PBXBuildFile; fileRef = 94C61C972BD3EF2C0094902E /* Home.swift */; };
		94C61CB32BD3EF2C0094902E /* Crystal.swift in Sources */ = {isa = PBXBuildFile; fileRef = 94C61C982BD3EF2C0094902E /* Crystal.swift */; };
		94C61CB42BD3EF2C0094902E /* Species.swift in Sources */ = {isa = PBXBuildFile; fileRef = 94C61C992BD3EF2C0094902E /* Species.swift */; };
		94C61CB52BD3EF2C0094902E /* Cries.swift in Sources */ = {isa = PBXBuildFile; fileRef = 94C61C9A2BD3EF2C0094902E /* Cries.swift */; };
		94C61CB62BD3EF2C0094902E /* GenerationI.swift in Sources */ = {isa = PBXBuildFile; fileRef = 94C61C9B2BD3EF2C0094902E /* GenerationI.swift */; };
		94C61CB72BD3EF2C0094902E /* GenerationVii.swift in Sources */ = {isa = PBXBuildFile; fileRef = 94C61C9C2BD3EF2C0094902E /* GenerationVii.swift */; };
		94C61CB82BD3EF2C0094902E /* Versions.swift in Sources */ = {isa = PBXBuildFile; fileRef = 94C61C9D2BD3EF2C0094902E /* Versions.swift */; };
		94C61CB92BD3EF2C0094902E /* GenerationViii.swift in Sources */ = {isa = PBXBuildFile; fileRef = 94C61C9E2BD3EF2C0094902E /* GenerationViii.swift */; };
		94C61CBA2BD3EF2C0094902E /* GenerationV.swift in Sources */ = {isa = PBXBuildFile; fileRef = 94C61C9F2BD3EF2C0094902E /* GenerationV.swift */; };
		94C61CBB2BD3EF2C0094902E /* GenerationIi.swift in Sources */ = {isa = PBXBuildFile; fileRef = 94C61CA02BD3EF2C0094902E /* GenerationIi.swift */; };
		94C61CBC2BD3EF2C0094902E /* GenerationIv.swift in Sources */ = {isa = PBXBuildFile; fileRef = 94C61CA12BD3EF2C0094902E /* GenerationIv.swift */; };
		94C61CBD2BD3EF2C0094902E /* PokemonDetail.swift in Sources */ = {isa = PBXBuildFile; fileRef = 94C61CA22BD3EF2C0094902E /* PokemonDetail.swift */; };
		94C61CBE2BD3EF2C0094902E /* OfficialArtwork.swift in Sources */ = {isa = PBXBuildFile; fileRef = 94C61CA32BD3EF2C0094902E /* OfficialArtwork.swift */; };
		94C61CBF2BD3EF2C0094902E /* VersionGroupDetail.swift in Sources */ = {isa = PBXBuildFile; fileRef = 94C61CA42BD3EF2C0094902E /* VersionGroupDetail.swift */; };
		94C61CC02BD3EF2C0094902E /* VersionDetail.swift in Sources */ = {isa = PBXBuildFile; fileRef = 94C61CA52BD3EF2C0094902E /* VersionDetail.swift */; };
		94C61CC92BD3F2210094902E /* Pokemon.swift in Sources */ = {isa = PBXBuildFile; fileRef = 94C61CC82BD3F2210094902E /* Pokemon.swift */; };
		94C61CCD2BD3F2BE0094902E /* Ditto.json in Resources */ = {isa = PBXBuildFile; fileRef = 94C61CCB2BD3F2BE0094902E /* Ditto.json */; };
		94C61CCE2BD3F2BE0094902E /* Pokemon.json in Resources */ = {isa = PBXBuildFile; fileRef = 94C61CCC2BD3F2BE0094902E /* Pokemon.json */; };
		94C61CD52BD3F4340094902E /* ReduxKit in Frameworks */ = {isa = PBXBuildFile; productRef = 94C61CD42BD3F4340094902E /* ReduxKit */; };
		94C61CD72BD3F4DB0094902E /* PokemonListView.swift in Sources */ = {isa = PBXBuildFile; fileRef = 94C61CD62BD3F4DB0094902E /* PokemonListView.swift */; };
/* End PBXBuildFile section */

/* Begin PBXContainerItemProxy section */
		94C61C6E2BD3ED8C0094902E /* PBXContainerItemProxy */ = {
			isa = PBXContainerItemProxy;
			containerPortal = 94C61C552BD3ED8B0094902E /* Project object */;
			proxyType = 1;
			remoteGlobalIDString = 94C61C5C2BD3ED8B0094902E;
			remoteInfo = PokemonApi;
		};
		94C61C782BD3ED8C0094902E /* PBXContainerItemProxy */ = {
			isa = PBXContainerItemProxy;
			containerPortal = 94C61C552BD3ED8B0094902E /* Project object */;
			proxyType = 1;
			remoteGlobalIDString = 94C61C5C2BD3ED8B0094902E;
			remoteInfo = PokemonApi;
		};
/* End PBXContainerItemProxy section */

/* Begin PBXFileReference section */
		94827C632BD50DD600A0584C /* AppMiddleware.swift */ = {isa = PBXFileReference; lastKnownFileType = sourcecode.swift; path = AppMiddleware.swift; sourceTree = "<group>"; };
		94827C642BD50DD600A0584C /* AppState.swift */ = {isa = PBXFileReference; lastKnownFileType = sourcecode.swift; path = AppState.swift; sourceTree = "<group>"; };
		94827C652BD50DD600A0584C /* AppReducer.swift */ = {isa = PBXFileReference; lastKnownFileType = sourcecode.swift; path = AppReducer.swift; sourceTree = "<group>"; };
		94827C662BD50DD600A0584C /* AppAction.swift */ = {isa = PBXFileReference; lastKnownFileType = sourcecode.swift; path = AppAction.swift; sourceTree = "<group>"; };
		94827C672BD50DD600A0584C /* AppSubscriber.swift */ = {isa = PBXFileReference; lastKnownFileType = sourcecode.swift; path = AppSubscriber.swift; sourceTree = "<group>"; };
		94827C682BD50DD600A0584C /* AppStore.swift */ = {isa = PBXFileReference; lastKnownFileType = sourcecode.swift; path = AppStore.swift; sourceTree = "<group>"; };
		94827C692BD50DD600A0584C /* AppEnvironment.swift */ = {isa = PBXFileReference; lastKnownFileType = sourcecode.swift; path = AppEnvironment.swift; sourceTree = "<group>"; };
		94827C6A2BD52D0700A0584C /* PokemonRepository.swift */ = {isa = PBXFileReference; lastKnownFileType = sourcecode.swift; path = PokemonRepository.swift; sourceTree = "<group>"; };
		94827C6D2BD52D6B00A0584C /* Helpers.swift */ = {isa = PBXFileReference; lastKnownFileType = sourcecode.swift; path = Helpers.swift; sourceTree = "<group>"; };
		94827C712BD52EED00A0584C /* PokemonDetailView.swift */ = {isa = PBXFileReference; lastKnownFileType = sourcecode.swift; path = PokemonDetailView.swift; sourceTree = "<group>"; };
		94827C732BD52F1900A0584C /* PokemonView.swift */ = {isa = PBXFileReference; lastKnownFileType = sourcecode.swift; path = PokemonView.swift; sourceTree = "<group>"; };
		94827C752BD5376200A0584C /* PokemonDataStore.swift */ = {isa = PBXFileReference; lastKnownFileType = sourcecode.swift; path = PokemonDataStore.swift; sourceTree = "<group>"; };
		94827C772BD5377400A0584C /* PokemonService.swift */ = {isa = PBXFileReference; lastKnownFileType = sourcecode.swift; path = PokemonService.swift; sourceTree = "<group>"; };
		94C61C5D2BD3ED8B0094902E /* PokemonApi.app */ = {isa = PBXFileReference; explicitFileType = wrapper.application; includeInIndex = 0; path = PokemonApi.app; sourceTree = BUILT_PRODUCTS_DIR; };
		94C61C602BD3ED8B0094902E /* PokemonApiApp.swift */ = {isa = PBXFileReference; lastKnownFileType = sourcecode.swift; path = PokemonApiApp.swift; sourceTree = "<group>"; };
		94C61C642BD3ED8C0094902E /* Assets.xcassets */ = {isa = PBXFileReference; lastKnownFileType = folder.assetcatalog; path = Assets.xcassets; sourceTree = "<group>"; };
		94C61C672BD3ED8C0094902E /* Preview Assets.xcassets */ = {isa = PBXFileReference; lastKnownFileType = folder.assetcatalog; path = "Preview Assets.xcassets"; sourceTree = "<group>"; };
		94C61C6D2BD3ED8C0094902E /* PokemonApiTests.xctest */ = {isa = PBXFileReference; explicitFileType = wrapper.cfbundle; includeInIndex = 0; path = PokemonApiTests.xctest; sourceTree = BUILT_PRODUCTS_DIR; };
		94C61C712BD3ED8C0094902E /* PokemonApiTests.swift */ = {isa = PBXFileReference; lastKnownFileType = sourcecode.swift; path = PokemonApiTests.swift; sourceTree = "<group>"; };
		94C61C772BD3ED8C0094902E /* PokemonApiUITests.xctest */ = {isa = PBXFileReference; explicitFileType = wrapper.cfbundle; includeInIndex = 0; path = PokemonApiUITests.xctest; sourceTree = BUILT_PRODUCTS_DIR; };
		94C61C7B2BD3ED8C0094902E /* PokemonApiUITests.swift */ = {isa = PBXFileReference; lastKnownFileType = sourcecode.swift; path = PokemonApiUITests.swift; sourceTree = "<group>"; };
		94C61C7D2BD3ED8C0094902E /* PokemonApiUITestsLaunchTests.swift */ = {isa = PBXFileReference; lastKnownFileType = sourcecode.swift; path = PokemonApiUITestsLaunchTests.swift; sourceTree = "<group>"; };
		94C61C8B2BD3EF2B0094902E /* GameIndex.swift */ = {isa = PBXFileReference; fileEncoding = 4; lastKnownFileType = sourcecode.swift; path = GameIndex.swift; sourceTree = "<group>"; };
		94C61C8C2BD3EF2B0094902E /* Stat.swift */ = {isa = PBXFileReference; fileEncoding = 4; lastKnownFileType = sourcecode.swift; path = Stat.swift; sourceTree = "<group>"; };
		94C61C8D2BD3EF2B0094902E /* TypeElement.swift */ = {isa = PBXFileReference; fileEncoding = 4; lastKnownFileType = sourcecode.swift; path = TypeElement.swift; sourceTree = "<group>"; };
		94C61C8E2BD3EF2B0094902E /* HeldItem.swift */ = {isa = PBXFileReference; fileEncoding = 4; lastKnownFileType = sourcecode.swift; path = HeldItem.swift; sourceTree = "<group>"; };
		94C61C8F2BD3EF2B0094902E /* DreamWorld.swift */ = {isa = PBXFileReference; fileEncoding = 4; lastKnownFileType = sourcecode.swift; path = DreamWorld.swift; sourceTree = "<group>"; };
		94C61C902BD3EF2B0094902E /* Ability.swift */ = {isa = PBXFileReference; fileEncoding = 4; lastKnownFileType = sourcecode.swift; path = Ability.swift; sourceTree = "<group>"; };
		94C61C912BD3EF2C0094902E /* Sprites.swift */ = {isa = PBXFileReference; fileEncoding = 4; lastKnownFileType = sourcecode.swift; path = Sprites.swift; sourceTree = "<group>"; };
		94C61C922BD3EF2C0094902E /* Other.swift */ = {isa = PBXFileReference; fileEncoding = 4; lastKnownFileType = sourcecode.swift; path = Other.swift; sourceTree = "<group>"; };
		94C61C932BD3EF2C0094902E /* GenerationIii.swift */ = {isa = PBXFileReference; fileEncoding = 4; lastKnownFileType = sourcecode.swift; path = GenerationIii.swift; sourceTree = "<group>"; };
		94C61C942BD3EF2C0094902E /* Move.swift */ = {isa = PBXFileReference; fileEncoding = 4; lastKnownFileType = sourcecode.swift; path = Move.swift; sourceTree = "<group>"; };
		94C61C952BD3EF2C0094902E /* Gold.swift */ = {isa = PBXFileReference; fileEncoding = 4; lastKnownFileType = sourcecode.swift; path = Gold.swift; sourceTree = "<group>"; };
		94C61C962BD3EF2C0094902E /* RedBlue.swift */ = {isa = PBXFileReference; fileEncoding = 4; lastKnownFileType = sourcecode.swift; path = RedBlue.swift; sourceTree = "<group>"; };
		94C61C972BD3EF2C0094902E /* Home.swift */ = {isa = PBXFileReference; fileEncoding = 4; lastKnownFileType = sourcecode.swift; path = Home.swift; sourceTree = "<group>"; };
		94C61C982BD3EF2C0094902E /* Crystal.swift */ = {isa = PBXFileReference; fileEncoding = 4; lastKnownFileType = sourcecode.swift; path = Crystal.swift; sourceTree = "<group>"; };
		94C61C992BD3EF2C0094902E /* Species.swift */ = {isa = PBXFileReference; fileEncoding = 4; lastKnownFileType = sourcecode.swift; path = Species.swift; sourceTree = "<group>"; };
		94C61C9A2BD3EF2C0094902E /* Cries.swift */ = {isa = PBXFileReference; fileEncoding = 4; lastKnownFileType = sourcecode.swift; path = Cries.swift; sourceTree = "<group>"; };
		94C61C9B2BD3EF2C0094902E /* GenerationI.swift */ = {isa = PBXFileReference; fileEncoding = 4; lastKnownFileType = sourcecode.swift; path = GenerationI.swift; sourceTree = "<group>"; };
		94C61C9C2BD3EF2C0094902E /* GenerationVii.swift */ = {isa = PBXFileReference; fileEncoding = 4; lastKnownFileType = sourcecode.swift; path = GenerationVii.swift; sourceTree = "<group>"; };
		94C61C9D2BD3EF2C0094902E /* Versions.swift */ = {isa = PBXFileReference; fileEncoding = 4; lastKnownFileType = sourcecode.swift; path = Versions.swift; sourceTree = "<group>"; };
		94C61C9E2BD3EF2C0094902E /* GenerationViii.swift */ = {isa = PBXFileReference; fileEncoding = 4; lastKnownFileType = sourcecode.swift; path = GenerationViii.swift; sourceTree = "<group>"; };
		94C61C9F2BD3EF2C0094902E /* GenerationV.swift */ = {isa = PBXFileReference; fileEncoding = 4; lastKnownFileType = sourcecode.swift; path = GenerationV.swift; sourceTree = "<group>"; };
		94C61CA02BD3EF2C0094902E /* GenerationIi.swift */ = {isa = PBXFileReference; fileEncoding = 4; lastKnownFileType = sourcecode.swift; path = GenerationIi.swift; sourceTree = "<group>"; };
		94C61CA12BD3EF2C0094902E /* GenerationIv.swift */ = {isa = PBXFileReference; fileEncoding = 4; lastKnownFileType = sourcecode.swift; path = GenerationIv.swift; sourceTree = "<group>"; };
		94C61CA22BD3EF2C0094902E /* PokemonDetail.swift */ = {isa = PBXFileReference; fileEncoding = 4; lastKnownFileType = sourcecode.swift; path = PokemonDetail.swift; sourceTree = "<group>"; };
		94C61CA32BD3EF2C0094902E /* OfficialArtwork.swift */ = {isa = PBXFileReference; fileEncoding = 4; lastKnownFileType = sourcecode.swift; path = OfficialArtwork.swift; sourceTree = "<group>"; };
		94C61CA42BD3EF2C0094902E /* VersionGroupDetail.swift */ = {isa = PBXFileReference; fileEncoding = 4; lastKnownFileType = sourcecode.swift; path = VersionGroupDetail.swift; sourceTree = "<group>"; };
		94C61CA52BD3EF2C0094902E /* VersionDetail.swift */ = {isa = PBXFileReference; fileEncoding = 4; lastKnownFileType = sourcecode.swift; path = VersionDetail.swift; sourceTree = "<group>"; };
		94C61CC82BD3F2210094902E /* Pokemon.swift */ = {isa = PBXFileReference; lastKnownFileType = sourcecode.swift; path = Pokemon.swift; sourceTree = "<group>"; };
		94C61CCB2BD3F2BE0094902E /* Ditto.json */ = {isa = PBXFileReference; fileEncoding = 4; lastKnownFileType = text.json; path = Ditto.json; sourceTree = "<group>"; };
		94C61CCC2BD3F2BE0094902E /* Pokemon.json */ = {isa = PBXFileReference; fileEncoding = 4; lastKnownFileType = text.json; path = Pokemon.json; sourceTree = "<group>"; };
		94C61CD22BD3F3E10094902E /* ReduxKit */ = {isa = PBXFileReference; lastKnownFileType = wrapper; name = ReduxKit; path = ../../ReduxKit; sourceTree = "<group>"; };
		94C61CD62BD3F4DB0094902E /* PokemonListView.swift */ = {isa = PBXFileReference; lastKnownFileType = sourcecode.swift; path = PokemonListView.swift; sourceTree = "<group>"; };
/* End PBXFileReference section */

/* Begin PBXFrameworksBuildPhase section */
		94C61C5A2BD3ED8B0094902E /* Frameworks */ = {
			isa = PBXFrameworksBuildPhase;
			buildActionMask = 2147483647;
			files = (
			);
			runOnlyForDeploymentPostprocessing = 0;
		};
		94C61C6A2BD3ED8C0094902E /* Frameworks */ = {
			isa = PBXFrameworksBuildPhase;
			buildActionMask = 2147483647;
			files = (
			);
			runOnlyForDeploymentPostprocessing = 0;
		};
		94C61C742BD3ED8C0094902E /* Frameworks */ = {
			isa = PBXFrameworksBuildPhase;
			buildActionMask = 2147483647;
			files = (
				94C61CD52BD3F4340094902E /* ReduxKit in Frameworks */,
			);
			runOnlyForDeploymentPostprocessing = 0;
		};
/* End PBXFrameworksBuildPhase section */

/* Begin PBXGroup section */
		94827C622BD50DD600A0584C /* Redux */ = {
			isa = PBXGroup;
			children = (
				94827C632BD50DD600A0584C /* AppMiddleware.swift */,
				94827C642BD50DD600A0584C /* AppState.swift */,
				94827C652BD50DD600A0584C /* AppReducer.swift */,
				94827C662BD50DD600A0584C /* AppAction.swift */,
				94827C672BD50DD600A0584C /* AppSubscriber.swift */,
				94827C682BD50DD600A0584C /* AppStore.swift */,
				94827C692BD50DD600A0584C /* AppEnvironment.swift */,
			);
			path = Redux;
			sourceTree = "<group>";
		};
		94827C6C2BD52D4D00A0584C /* Helper */ = {
			isa = PBXGroup;
			children = (
				94827C6D2BD52D6B00A0584C /* Helpers.swift */,
			);
			path = Helper;
			sourceTree = "<group>";
		};
		94C61C542BD3ED8B0094902E = {
			isa = PBXGroup;
			children = (
				94827C6C2BD52D4D00A0584C /* Helper */,
				94C61CD02BD3F38D0094902E /* Packages */,
				94C61CCF2BD3F3890094902E /* Features */,
				94C61C5F2BD3ED8B0094902E /* PokemonApi */,
				94C61C702BD3ED8C0094902E /* PokemonApiTests */,
				94C61C7A2BD3ED8C0094902E /* PokemonApiUITests */,
				94C61C5E2BD3ED8B0094902E /* Products */,
				94C61CD32BD3F4340094902E /* Frameworks */,
			);
			sourceTree = "<group>";
		};
		94C61C5E2BD3ED8B0094902E /* Products */ = {
			isa = PBXGroup;
			children = (
				94C61C5D2BD3ED8B0094902E /* PokemonApi.app */,
				94C61C6D2BD3ED8C0094902E /* PokemonApiTests.xctest */,
				94C61C772BD3ED8C0094902E /* PokemonApiUITests.xctest */,
			);
			name = Products;
			sourceTree = "<group>";
		};
		94C61C5F2BD3ED8B0094902E /* PokemonApi */ = {
			isa = PBXGroup;
			children = (
				94827C622BD50DD600A0584C /* Redux */,
				94C61CD82BD3F4E20094902E /* View */,
				94C61CCA2BD3F2A10094902E /* Data */,
				94C61C8A2BD3EDAD0094902E /* Model */,
				94C61C602BD3ED8B0094902E /* PokemonApiApp.swift */,
				94C61C642BD3ED8C0094902E /* Assets.xcassets */,
				94C61C662BD3ED8C0094902E /* Preview Content */,
				94827C6A2BD52D0700A0584C /* PokemonRepository.swift */,
				94827C772BD5377400A0584C /* PokemonService.swift */,
				94827C752BD5376200A0584C /* PokemonDataStore.swift */,
			);
			path = PokemonApi;
			sourceTree = "<group>";
		};
		94C61C662BD3ED8C0094902E /* Preview Content */ = {
			isa = PBXGroup;
			children = (
				94C61C672BD3ED8C0094902E /* Preview Assets.xcassets */,
			);
			path = "Preview Content";
			sourceTree = "<group>";
		};
		94C61C702BD3ED8C0094902E /* PokemonApiTests */ = {
			isa = PBXGroup;
			children = (
				94C61C712BD3ED8C0094902E /* PokemonApiTests.swift */,
			);
			path = PokemonApiTests;
			sourceTree = "<group>";
		};
		94C61C7A2BD3ED8C0094902E /* PokemonApiUITests */ = {
			isa = PBXGroup;
			children = (
				94C61C7B2BD3ED8C0094902E /* PokemonApiUITests.swift */,
				94C61C7D2BD3ED8C0094902E /* PokemonApiUITestsLaunchTests.swift */,
			);
			path = PokemonApiUITests;
			sourceTree = "<group>";
		};
		94C61C8A2BD3EDAD0094902E /* Model */ = {
			isa = PBXGroup;
			children = (
				94C61C902BD3EF2B0094902E /* Ability.swift */,
				94C61C9A2BD3EF2C0094902E /* Cries.swift */,
				94C61C982BD3EF2C0094902E /* Crystal.swift */,
				94C61C8F2BD3EF2B0094902E /* DreamWorld.swift */,
				94C61C8B2BD3EF2B0094902E /* GameIndex.swift */,
				94C61C9B2BD3EF2C0094902E /* GenerationI.swift */,
				94C61CA02BD3EF2C0094902E /* GenerationIi.swift */,
				94C61C932BD3EF2C0094902E /* GenerationIii.swift */,
				94C61CA12BD3EF2C0094902E /* GenerationIv.swift */,
				94C61C9F2BD3EF2C0094902E /* GenerationV.swift */,
				94C61C9C2BD3EF2C0094902E /* GenerationVii.swift */,
				94C61C9E2BD3EF2C0094902E /* GenerationViii.swift */,
				94C61C952BD3EF2C0094902E /* Gold.swift */,
				94C61C8E2BD3EF2B0094902E /* HeldItem.swift */,
				94C61C972BD3EF2C0094902E /* Home.swift */,
				94C61C942BD3EF2C0094902E /* Move.swift */,
				94C61CA32BD3EF2C0094902E /* OfficialArtwork.swift */,
				94C61C922BD3EF2C0094902E /* Other.swift */,
				94C61CA22BD3EF2C0094902E /* PokemonDetail.swift */,
				94C61C962BD3EF2C0094902E /* RedBlue.swift */,
				94C61C992BD3EF2C0094902E /* Species.swift */,
				94C61C912BD3EF2C0094902E /* Sprites.swift */,
				94C61C8C2BD3EF2B0094902E /* Stat.swift */,
				94C61C8D2BD3EF2B0094902E /* TypeElement.swift */,
				94C61CA52BD3EF2C0094902E /* VersionDetail.swift */,
				94C61CA42BD3EF2C0094902E /* VersionGroupDetail.swift */,
				94C61C9D2BD3EF2C0094902E /* Versions.swift */,
				94C61CC82BD3F2210094902E /* Pokemon.swift */,
			);
			path = Model;
			sourceTree = "<group>";
		};
		94C61CCA2BD3F2A10094902E /* Data */ = {
			isa = PBXGroup;
			children = (
				94C61CCB2BD3F2BE0094902E /* Ditto.json */,
				94C61CCC2BD3F2BE0094902E /* Pokemon.json */,
			);
			path = Data;
			sourceTree = "<group>";
		};
		94C61CCF2BD3F3890094902E /* Features */ = {
			isa = PBXGroup;
			children = (
			);
			path = Features;
			sourceTree = "<group>";
		};
		94C61CD02BD3F38D0094902E /* Packages */ = {
			isa = PBXGroup;
			children = (
				94C61CD22BD3F3E10094902E /* ReduxKit */,
			);
			path = Packages;
			sourceTree = "<group>";
		};
		94C61CD32BD3F4340094902E /* Frameworks */ = {
			isa = PBXGroup;
			children = (
			);
			name = Frameworks;
			sourceTree = "<group>";
		};
		94C61CD82BD3F4E20094902E /* View */ = {
			isa = PBXGroup;
			children = (
				94C61CD62BD3F4DB0094902E /* PokemonListView.swift */,
				94827C712BD52EED00A0584C /* PokemonDetailView.swift */,
				94827C732BD52F1900A0584C /* PokemonView.swift */,
			);
			path = View;
			sourceTree = "<group>";
		};
/* End PBXGroup section */

/* Begin PBXNativeTarget section */
		94C61C5C2BD3ED8B0094902E /* PokemonApi */ = {
			isa = PBXNativeTarget;
			buildConfigurationList = 94C61C812BD3ED8C0094902E /* Build configuration list for PBXNativeTarget "PokemonApi" */;
			buildPhases = (
				94C61C592BD3ED8B0094902E /* Sources */,
				94C61C5A2BD3ED8B0094902E /* Frameworks */,
				94C61C5B2BD3ED8B0094902E /* Resources */,
			);
			buildRules = (
			);
			dependencies = (
			);
			name = PokemonApi;
			productName = PokemonApi;
			productReference = 94C61C5D2BD3ED8B0094902E /* PokemonApi.app */;
			productType = "com.apple.product-type.application";
		};
		94C61C6C2BD3ED8C0094902E /* PokemonApiTests */ = {
			isa = PBXNativeTarget;
			buildConfigurationList = 94C61C842BD3ED8C0094902E /* Build configuration list for PBXNativeTarget "PokemonApiTests" */;
			buildPhases = (
				94C61C692BD3ED8C0094902E /* Sources */,
				94C61C6A2BD3ED8C0094902E /* Frameworks */,
				94C61C6B2BD3ED8C0094902E /* Resources */,
			);
			buildRules = (
			);
			dependencies = (
				94C61C6F2BD3ED8C0094902E /* PBXTargetDependency */,
			);
			name = PokemonApiTests;
			productName = PokemonApiTests;
			productReference = 94C61C6D2BD3ED8C0094902E /* PokemonApiTests.xctest */;
			productType = "com.apple.product-type.bundle.unit-test";
		};
		94C61C762BD3ED8C0094902E /* PokemonApiUITests */ = {
			isa = PBXNativeTarget;
			buildConfigurationList = 94C61C872BD3ED8C0094902E /* Build configuration list for PBXNativeTarget "PokemonApiUITests" */;
			buildPhases = (
				94C61C732BD3ED8C0094902E /* Sources */,
				94C61C742BD3ED8C0094902E /* Frameworks */,
				94C61C752BD3ED8C0094902E /* Resources */,
			);
			buildRules = (
			);
			dependencies = (
				94C61C792BD3ED8C0094902E /* PBXTargetDependency */,
			);
			name = PokemonApiUITests;
			packageProductDependencies = (
				94C61CD42BD3F4340094902E /* ReduxKit */,
			);
			productName = PokemonApiUITests;
			productReference = 94C61C772BD3ED8C0094902E /* PokemonApiUITests.xctest */;
			productType = "com.apple.product-type.bundle.ui-testing";
		};
/* End PBXNativeTarget section */

/* Begin PBXProject section */
		94C61C552BD3ED8B0094902E /* Project object */ = {
			isa = PBXProject;
			attributes = {
				BuildIndependentTargetsInParallel = 1;
				LastSwiftUpdateCheck = 1500;
				LastUpgradeCheck = 1500;
				TargetAttributes = {
					94C61C5C2BD3ED8B0094902E = {
						CreatedOnToolsVersion = 15.0.1;
					};
					94C61C6C2BD3ED8C0094902E = {
						CreatedOnToolsVersion = 15.0.1;
						TestTargetID = 94C61C5C2BD3ED8B0094902E;
					};
					94C61C762BD3ED8C0094902E = {
						CreatedOnToolsVersion = 15.0.1;
						TestTargetID = 94C61C5C2BD3ED8B0094902E;
					};
				};
			};
			buildConfigurationList = 94C61C582BD3ED8B0094902E /* Build configuration list for PBXProject "PokemonApi" */;
			compatibilityVersion = "Xcode 14.0";
			developmentRegion = en;
			hasScannedForEncodings = 0;
			knownRegions = (
				en,
				Base,
			);
			mainGroup = 94C61C542BD3ED8B0094902E;
			productRefGroup = 94C61C5E2BD3ED8B0094902E /* Products */;
			projectDirPath = "";
			projectRoot = "";
			targets = (
				94C61C5C2BD3ED8B0094902E /* PokemonApi */,
				94C61C6C2BD3ED8C0094902E /* PokemonApiTests */,
				94C61C762BD3ED8C0094902E /* PokemonApiUITests */,
			);
		};
/* End PBXProject section */

/* Begin PBXResourcesBuildPhase section */
		94C61C5B2BD3ED8B0094902E /* Resources */ = {
			isa = PBXResourcesBuildPhase;
			buildActionMask = 2147483647;
			files = (
				94C61C682BD3ED8C0094902E /* Preview Assets.xcassets in Resources */,
				94C61CCE2BD3F2BE0094902E /* Pokemon.json in Resources */,
				94C61C652BD3ED8C0094902E /* Assets.xcassets in Resources */,
				94C61CCD2BD3F2BE0094902E /* Ditto.json in Resources */,
			);
			runOnlyForDeploymentPostprocessing = 0;
		};
		94C61C6B2BD3ED8C0094902E /* Resources */ = {
			isa = PBXResourcesBuildPhase;
			buildActionMask = 2147483647;
			files = (
			);
			runOnlyForDeploymentPostprocessing = 0;
		};
		94C61C752BD3ED8C0094902E /* Resources */ = {
			isa = PBXResourcesBuildPhase;
			buildActionMask = 2147483647;
			files = (
			);
			runOnlyForDeploymentPostprocessing = 0;
		};
/* End PBXResourcesBuildPhase section */

/* Begin PBXSourcesBuildPhase section */
		94C61C592BD3ED8B0094902E /* Sources */ = {
			isa = PBXSourcesBuildPhase;
			buildActionMask = 2147483647;
			files = (
				94C61CA82BD3EF2C0094902E /* TypeElement.swift in Sources */,
				94C61CA72BD3EF2C0094902E /* Stat.swift in Sources */,
				94827C6B2BD52D0700A0584C /* PokemonRepository.swift in Sources */,
				94827C6E2BD52D6B00A0584C /* Helpers.swift in Sources */,
				94C61CBB2BD3EF2C0094902E /* GenerationIi.swift in Sources */,
				94827C722BD52EED00A0584C /* PokemonDetailView.swift in Sources */,
				94C61CB62BD3EF2C0094902E /* GenerationI.swift in Sources */,
				94C61CAC2BD3EF2C0094902E /* Sprites.swift in Sources */,
				94C61CAF2BD3EF2C0094902E /* Move.swift in Sources */,
				94C61CB72BD3EF2C0094902E /* GenerationVii.swift in Sources */,
				94C61CBC2BD3EF2C0094902E /* GenerationIv.swift in Sources */,
				94C61CBD2BD3EF2C0094902E /* PokemonDetail.swift in Sources */,
				94C61CAE2BD3EF2C0094902E /* GenerationIii.swift in Sources */,
				94C61CB92BD3EF2C0094902E /* GenerationViii.swift in Sources */,
				94C61CA62BD3EF2C0094902E /* GameIndex.swift in Sources */,
				94C61CB22BD3EF2C0094902E /* Home.swift in Sources */,
				94C61C612BD3ED8B0094902E /* PokemonApiApp.swift in Sources */,
				94C61CAA2BD3EF2C0094902E /* DreamWorld.swift in Sources */,
				94C61CC92BD3F2210094902E /* Pokemon.swift in Sources */,
				94C61CBA2BD3EF2C0094902E /* GenerationV.swift in Sources */,
				94C61CD72BD3F4DB0094902E /* PokemonListView.swift in Sources */,
				94827C782BD5377400A0584C /* PokemonService.swift in Sources */,
				94C61CBE2BD3EF2C0094902E /* OfficialArtwork.swift in Sources */,
				94C61CB32BD3EF2C0094902E /* Crystal.swift in Sources */,
				94827C762BD5376200A0584C /* PokemonDataStore.swift in Sources */,
				94C61CB12BD3EF2C0094902E /* RedBlue.swift in Sources */,
				94C61CAB2BD3EF2C0094902E /* Ability.swift in Sources */,
				94C61CB02BD3EF2C0094902E /* Gold.swift in Sources */,
				94827C742BD52F1900A0584C /* PokemonView.swift in Sources */,
				94C61CB82BD3EF2C0094902E /* Versions.swift in Sources */,
				94C61CB52BD3EF2C0094902E /* Cries.swift in Sources */,
				94C61CAD2BD3EF2C0094902E /* Other.swift in Sources */,
				94C61CC02BD3EF2C0094902E /* VersionDetail.swift in Sources */,
				94C61CBF2BD3EF2C0094902E /* VersionGroupDetail.swift in Sources */,
				94C61CA92BD3EF2C0094902E /* HeldItem.swift in Sources */,
				94C61CB42BD3EF2C0094902E /* Species.swift in Sources */,
			);
			runOnlyForDeploymentPostprocessing = 0;
		};
		94C61C692BD3ED8C0094902E /* Sources */ = {
			isa = PBXSourcesBuildPhase;
			buildActionMask = 2147483647;
			files = (
				94C61C722BD3ED8C0094902E /* PokemonApiTests.swift in Sources */,
			);
			runOnlyForDeploymentPostprocessing = 0;
		};
		94C61C732BD3ED8C0094902E /* Sources */ = {
			isa = PBXSourcesBuildPhase;
			buildActionMask = 2147483647;
			files = (
				94C61C7C2BD3ED8C0094902E /* PokemonApiUITests.swift in Sources */,
				94C61C7E2BD3ED8C0094902E /* PokemonApiUITestsLaunchTests.swift in Sources */,
			);
			runOnlyForDeploymentPostprocessing = 0;
		};
/* End PBXSourcesBuildPhase section */

/* Begin PBXTargetDependency section */
		94C61C6F2BD3ED8C0094902E /* PBXTargetDependency */ = {
			isa = PBXTargetDependency;
			target = 94C61C5C2BD3ED8B0094902E /* PokemonApi */;
			targetProxy = 94C61C6E2BD3ED8C0094902E /* PBXContainerItemProxy */;
		};
		94C61C792BD3ED8C0094902E /* PBXTargetDependency */ = {
			isa = PBXTargetDependency;
			target = 94C61C5C2BD3ED8B0094902E /* PokemonApi */;
			targetProxy = 94C61C782BD3ED8C0094902E /* PBXContainerItemProxy */;
		};
/* End PBXTargetDependency section */

/* Begin XCBuildConfiguration section */
		94C61C7F2BD3ED8C0094902E /* Debug */ = {
			isa = XCBuildConfiguration;
			buildSettings = {
				ALWAYS_SEARCH_USER_PATHS = NO;
				ASSETCATALOG_COMPILER_GENERATE_SWIFT_ASSET_SYMBOL_EXTENSIONS = YES;
				CLANG_ANALYZER_NONNULL = YES;
				CLANG_ANALYZER_NUMBER_OBJECT_CONVERSION = YES_AGGRESSIVE;
				CLANG_CXX_LANGUAGE_STANDARD = "gnu++20";
				CLANG_ENABLE_MODULES = YES;
				CLANG_ENABLE_OBJC_ARC = YES;
				CLANG_ENABLE_OBJC_WEAK = YES;
				CLANG_WARN_BLOCK_CAPTURE_AUTORELEASING = YES;
				CLANG_WARN_BOOL_CONVERSION = YES;
				CLANG_WARN_COMMA = YES;
				CLANG_WARN_CONSTANT_CONVERSION = YES;
				CLANG_WARN_DEPRECATED_OBJC_IMPLEMENTATIONS = YES;
				CLANG_WARN_DIRECT_OBJC_ISA_USAGE = YES_ERROR;
				CLANG_WARN_DOCUMENTATION_COMMENTS = YES;
				CLANG_WARN_EMPTY_BODY = YES;
				CLANG_WARN_ENUM_CONVERSION = YES;
				CLANG_WARN_INFINITE_RECURSION = YES;
				CLANG_WARN_INT_CONVERSION = YES;
				CLANG_WARN_NON_LITERAL_NULL_CONVERSION = YES;
				CLANG_WARN_OBJC_IMPLICIT_RETAIN_SELF = YES;
				CLANG_WARN_OBJC_LITERAL_CONVERSION = YES;
				CLANG_WARN_OBJC_ROOT_CLASS = YES_ERROR;
				CLANG_WARN_QUOTED_INCLUDE_IN_FRAMEWORK_HEADER = YES;
				CLANG_WARN_RANGE_LOOP_ANALYSIS = YES;
				CLANG_WARN_STRICT_PROTOTYPES = YES;
				CLANG_WARN_SUSPICIOUS_MOVE = YES;
				CLANG_WARN_UNGUARDED_AVAILABILITY = YES_AGGRESSIVE;
				CLANG_WARN_UNREACHABLE_CODE = YES;
				CLANG_WARN__DUPLICATE_METHOD_MATCH = YES;
				COPY_PHASE_STRIP = NO;
				DEBUG_INFORMATION_FORMAT = dwarf;
				ENABLE_STRICT_OBJC_MSGSEND = YES;
				ENABLE_TESTABILITY = YES;
				ENABLE_USER_SCRIPT_SANDBOXING = YES;
				GCC_C_LANGUAGE_STANDARD = gnu17;
				GCC_DYNAMIC_NO_PIC = NO;
				GCC_NO_COMMON_BLOCKS = YES;
				GCC_OPTIMIZATION_LEVEL = 0;
				GCC_PREPROCESSOR_DEFINITIONS = (
					"DEBUG=1",
					"$(inherited)",
				);
				GCC_WARN_64_TO_32_BIT_CONVERSION = YES;
				GCC_WARN_ABOUT_RETURN_TYPE = YES_ERROR;
				GCC_WARN_UNDECLARED_SELECTOR = YES;
				GCC_WARN_UNINITIALIZED_AUTOS = YES_AGGRESSIVE;
				GCC_WARN_UNUSED_FUNCTION = YES;
				GCC_WARN_UNUSED_VARIABLE = YES;
				IPHONEOS_DEPLOYMENT_TARGET = 17.0;
				LOCALIZATION_PREFERS_STRING_CATALOGS = YES;
				MTL_ENABLE_DEBUG_INFO = INCLUDE_SOURCE;
				MTL_FAST_MATH = YES;
				ONLY_ACTIVE_ARCH = YES;
				SDKROOT = iphoneos;
				SWIFT_ACTIVE_COMPILATION_CONDITIONS = "DEBUG $(inherited)";
				SWIFT_OPTIMIZATION_LEVEL = "-Onone";
			};
			name = Debug;
		};
		94C61C802BD3ED8C0094902E /* Release */ = {
			isa = XCBuildConfiguration;
			buildSettings = {
				ALWAYS_SEARCH_USER_PATHS = NO;
				ASSETCATALOG_COMPILER_GENERATE_SWIFT_ASSET_SYMBOL_EXTENSIONS = YES;
				CLANG_ANALYZER_NONNULL = YES;
				CLANG_ANALYZER_NUMBER_OBJECT_CONVERSION = YES_AGGRESSIVE;
				CLANG_CXX_LANGUAGE_STANDARD = "gnu++20";
				CLANG_ENABLE_MODULES = YES;
				CLANG_ENABLE_OBJC_ARC = YES;
				CLANG_ENABLE_OBJC_WEAK = YES;
				CLANG_WARN_BLOCK_CAPTURE_AUTORELEASING = YES;
				CLANG_WARN_BOOL_CONVERSION = YES;
				CLANG_WARN_COMMA = YES;
				CLANG_WARN_CONSTANT_CONVERSION = YES;
				CLANG_WARN_DEPRECATED_OBJC_IMPLEMENTATIONS = YES;
				CLANG_WARN_DIRECT_OBJC_ISA_USAGE = YES_ERROR;
				CLANG_WARN_DOCUMENTATION_COMMENTS = YES;
				CLANG_WARN_EMPTY_BODY = YES;
				CLANG_WARN_ENUM_CONVERSION = YES;
				CLANG_WARN_INFINITE_RECURSION = YES;
				CLANG_WARN_INT_CONVERSION = YES;
				CLANG_WARN_NON_LITERAL_NULL_CONVERSION = YES;
				CLANG_WARN_OBJC_IMPLICIT_RETAIN_SELF = YES;
				CLANG_WARN_OBJC_LITERAL_CONVERSION = YES;
				CLANG_WARN_OBJC_ROOT_CLASS = YES_ERROR;
				CLANG_WARN_QUOTED_INCLUDE_IN_FRAMEWORK_HEADER = YES;
				CLANG_WARN_RANGE_LOOP_ANALYSIS = YES;
				CLANG_WARN_STRICT_PROTOTYPES = YES;
				CLANG_WARN_SUSPICIOUS_MOVE = YES;
				CLANG_WARN_UNGUARDED_AVAILABILITY = YES_AGGRESSIVE;
				CLANG_WARN_UNREACHABLE_CODE = YES;
				CLANG_WARN__DUPLICATE_METHOD_MATCH = YES;
				COPY_PHASE_STRIP = NO;
				DEBUG_INFORMATION_FORMAT = "dwarf-with-dsym";
				ENABLE_NS_ASSERTIONS = NO;
				ENABLE_STRICT_OBJC_MSGSEND = YES;
				ENABLE_USER_SCRIPT_SANDBOXING = YES;
				GCC_C_LANGUAGE_STANDARD = gnu17;
				GCC_NO_COMMON_BLOCKS = YES;
				GCC_WARN_64_TO_32_BIT_CONVERSION = YES;
				GCC_WARN_ABOUT_RETURN_TYPE = YES_ERROR;
				GCC_WARN_UNDECLARED_SELECTOR = YES;
				GCC_WARN_UNINITIALIZED_AUTOS = YES_AGGRESSIVE;
				GCC_WARN_UNUSED_FUNCTION = YES;
				GCC_WARN_UNUSED_VARIABLE = YES;
				IPHONEOS_DEPLOYMENT_TARGET = 17.0;
				LOCALIZATION_PREFERS_STRING_CATALOGS = YES;
				MTL_ENABLE_DEBUG_INFO = NO;
				MTL_FAST_MATH = YES;
				SDKROOT = iphoneos;
				SWIFT_COMPILATION_MODE = wholemodule;
				VALIDATE_PRODUCT = YES;
			};
			name = Release;
		};
		94C61C822BD3ED8C0094902E /* Debug */ = {
			isa = XCBuildConfiguration;
			buildSettings = {
				ASSETCATALOG_COMPILER_APPICON_NAME = AppIcon;
				ASSETCATALOG_COMPILER_GLOBAL_ACCENT_COLOR_NAME = AccentColor;
				CODE_SIGN_STYLE = Automatic;
				CURRENT_PROJECT_VERSION = 1;
				DEVELOPMENT_ASSET_PATHS = "\"PokemonApi/Preview Content\"";
				DEVELOPMENT_TEAM = 5C947VL6UF;
				ENABLE_PREVIEWS = YES;
				GENERATE_INFOPLIST_FILE = YES;
				INFOPLIST_KEY_UIApplicationSceneManifest_Generation = YES;
				INFOPLIST_KEY_UIApplicationSupportsIndirectInputEvents = YES;
				INFOPLIST_KEY_UILaunchScreen_Generation = YES;
				INFOPLIST_KEY_UISupportedInterfaceOrientations_iPad = "UIInterfaceOrientationPortrait UIInterfaceOrientationPortraitUpsideDown UIInterfaceOrientationLandscapeLeft UIInterfaceOrientationLandscapeRight";
				INFOPLIST_KEY_UISupportedInterfaceOrientations_iPhone = "UIInterfaceOrientationPortrait UIInterfaceOrientationLandscapeLeft UIInterfaceOrientationLandscapeRight";
				LD_RUNPATH_SEARCH_PATHS = (
					"$(inherited)",
					"@executable_path/Frameworks",
				);
				MARKETING_VERSION = 1.0;
				PRODUCT_BUNDLE_IDENTIFIER = harry.tomlinson.PokemonApi;
				PRODUCT_NAME = "$(TARGET_NAME)";
				SWIFT_EMIT_LOC_STRINGS = YES;
				SWIFT_VERSION = 5.0;
				TARGETED_DEVICE_FAMILY = "1,2";
			};
			name = Debug;
		};
		94C61C832BD3ED8C0094902E /* Release */ = {
			isa = XCBuildConfiguration;
			buildSettings = {
				ASSETCATALOG_COMPILER_APPICON_NAME = AppIcon;
				ASSETCATALOG_COMPILER_GLOBAL_ACCENT_COLOR_NAME = AccentColor;
				CODE_SIGN_STYLE = Automatic;
				CURRENT_PROJECT_VERSION = 1;
				DEVELOPMENT_ASSET_PATHS = "\"PokemonApi/Preview Content\"";
				DEVELOPMENT_TEAM = 5C947VL6UF;
				ENABLE_PREVIEWS = YES;
				GENERATE_INFOPLIST_FILE = YES;
				INFOPLIST_KEY_UIApplicationSceneManifest_Generation = YES;
				INFOPLIST_KEY_UIApplicationSupportsIndirectInputEvents = YES;
				INFOPLIST_KEY_UILaunchScreen_Generation = YES;
				INFOPLIST_KEY_UISupportedInterfaceOrientations_iPad = "UIInterfaceOrientationPortrait UIInterfaceOrientationPortraitUpsideDown UIInterfaceOrientationLandscapeLeft UIInterfaceOrientationLandscapeRight";
				INFOPLIST_KEY_UISupportedInterfaceOrientations_iPhone = "UIInterfaceOrientationPortrait UIInterfaceOrientationLandscapeLeft UIInterfaceOrientationLandscapeRight";
				LD_RUNPATH_SEARCH_PATHS = (
					"$(inherited)",
					"@executable_path/Frameworks",
				);
				MARKETING_VERSION = 1.0;
				PRODUCT_BUNDLE_IDENTIFIER = harry.tomlinson.PokemonApi;
				PRODUCT_NAME = "$(TARGET_NAME)";
				SWIFT_EMIT_LOC_STRINGS = YES;
				SWIFT_VERSION = 5.0;
				TARGETED_DEVICE_FAMILY = "1,2";
			};
			name = Release;
		};
		94C61C852BD3ED8C0094902E /* Debug */ = {
			isa = XCBuildConfiguration;
			buildSettings = {
				ALWAYS_EMBED_SWIFT_STANDARD_LIBRARIES = YES;
				BUNDLE_LOADER = "$(TEST_HOST)";
				CODE_SIGN_STYLE = Automatic;
				CURRENT_PROJECT_VERSION = 1;
				DEVELOPMENT_TEAM = 5C947VL6UF;
				GENERATE_INFOPLIST_FILE = YES;
				IPHONEOS_DEPLOYMENT_TARGET = 17.0;
				MARKETING_VERSION = 1.0;
				PRODUCT_BUNDLE_IDENTIFIER = harry.tomlinson.PokemonApiTests;
				PRODUCT_NAME = "$(TARGET_NAME)";
				SWIFT_EMIT_LOC_STRINGS = NO;
				SWIFT_VERSION = 5.0;
				TARGETED_DEVICE_FAMILY = "1,2";
				TEST_HOST = "$(BUILT_PRODUCTS_DIR)/PokemonApi.app/$(BUNDLE_EXECUTABLE_FOLDER_PATH)/PokemonApi";
			};
			name = Debug;
		};
		94C61C862BD3ED8C0094902E /* Release */ = {
			isa = XCBuildConfiguration;
			buildSettings = {
				ALWAYS_EMBED_SWIFT_STANDARD_LIBRARIES = YES;
				BUNDLE_LOADER = "$(TEST_HOST)";
				CODE_SIGN_STYLE = Automatic;
				CURRENT_PROJECT_VERSION = 1;
				DEVELOPMENT_TEAM = 5C947VL6UF;
				GENERATE_INFOPLIST_FILE = YES;
				IPHONEOS_DEPLOYMENT_TARGET = 17.0;
				MARKETING_VERSION = 1.0;
				PRODUCT_BUNDLE_IDENTIFIER = harry.tomlinson.PokemonApiTests;
				PRODUCT_NAME = "$(TARGET_NAME)";
				SWIFT_EMIT_LOC_STRINGS = NO;
				SWIFT_VERSION = 5.0;
				TARGETED_DEVICE_FAMILY = "1,2";
				TEST_HOST = "$(BUILT_PRODUCTS_DIR)/PokemonApi.app/$(BUNDLE_EXECUTABLE_FOLDER_PATH)/PokemonApi";
			};
			name = Release;
		};
		94C61C882BD3ED8C0094902E /* Debug */ = {
			isa = XCBuildConfiguration;
			buildSettings = {
				ALWAYS_EMBED_SWIFT_STANDARD_LIBRARIES = YES;
				CODE_SIGN_STYLE = Automatic;
				CURRENT_PROJECT_VERSION = 1;
				DEVELOPMENT_TEAM = 5C947VL6UF;
				GENERATE_INFOPLIST_FILE = YES;
				MARKETING_VERSION = 1.0;
				PRODUCT_BUNDLE_IDENTIFIER = harry.tomlinson.PokemonApiUITests;
				PRODUCT_NAME = "$(TARGET_NAME)";
				SUPPORTED_PLATFORMS = "iphoneos iphonesimulator";
				SUPPORTS_MACCATALYST = NO;
				SUPPORTS_MAC_DESIGNED_FOR_IPHONE_IPAD = NO;
				SWIFT_EMIT_LOC_STRINGS = NO;
				SWIFT_VERSION = 5.0;
				TARGETED_DEVICE_FAMILY = "1,2";
				TEST_TARGET_NAME = PokemonApi;
			};
			name = Debug;
		};
		94C61C892BD3ED8C0094902E /* Release */ = {
			isa = XCBuildConfiguration;
			buildSettings = {
				ALWAYS_EMBED_SWIFT_STANDARD_LIBRARIES = YES;
				CODE_SIGN_STYLE = Automatic;
				CURRENT_PROJECT_VERSION = 1;
				DEVELOPMENT_TEAM = 5C947VL6UF;
				GENERATE_INFOPLIST_FILE = YES;
				MARKETING_VERSION = 1.0;
				PRODUCT_BUNDLE_IDENTIFIER = harry.tomlinson.PokemonApiUITests;
				PRODUCT_NAME = "$(TARGET_NAME)";
				SUPPORTED_PLATFORMS = "iphoneos iphonesimulator";
				SUPPORTS_MACCATALYST = NO;
				SUPPORTS_MAC_DESIGNED_FOR_IPHONE_IPAD = NO;
				SWIFT_EMIT_LOC_STRINGS = NO;
				SWIFT_VERSION = 5.0;
				TARGETED_DEVICE_FAMILY = "1,2";
				TEST_TARGET_NAME = PokemonApi;
			};
			name = Release;
		};
/* End XCBuildConfiguration section */

/* Begin XCConfigurationList section */
		94C61C582BD3ED8B0094902E /* Build configuration list for PBXProject "PokemonApi" */ = {
			isa = XCConfigurationList;
			buildConfigurations = (
				94C61C7F2BD3ED8C0094902E /* Debug */,
				94C61C802BD3ED8C0094902E /* Release */,
			);
			defaultConfigurationIsVisible = 0;
			defaultConfigurationName = Release;
		};
		94C61C812BD3ED8C0094902E /* Build configuration list for PBXNativeTarget "PokemonApi" */ = {
			isa = XCConfigurationList;
			buildConfigurations = (
				94C61C822BD3ED8C0094902E /* Debug */,
				94C61C832BD3ED8C0094902E /* Release */,
			);
			defaultConfigurationIsVisible = 0;
			defaultConfigurationName = Release;
		};
		94C61C842BD3ED8C0094902E /* Build configuration list for PBXNativeTarget "PokemonApiTests" */ = {
			isa = XCConfigurationList;
			buildConfigurations = (
				94C61C852BD3ED8C0094902E /* Debug */,
				94C61C862BD3ED8C0094902E /* Release */,
			);
			defaultConfigurationIsVisible = 0;
			defaultConfigurationName = Release;
		};
		94C61C872BD3ED8C0094902E /* Build configuration list for PBXNativeTarget "PokemonApiUITests" */ = {
			isa = XCConfigurationList;
			buildConfigurations = (
				94C61C882BD3ED8C0094902E /* Debug */,
				94C61C892BD3ED8C0094902E /* Release */,
			);
			defaultConfigurationIsVisible = 0;
			defaultConfigurationName = Release;
		};
/* End XCConfigurationList section */

/* Begin XCSwiftPackageProductDependency section */
		94C61CD42BD3F4340094902E /* ReduxKit */ = {
			isa = XCSwiftPackageProductDependency;
			productName = ReduxKit;
		};
/* End XCSwiftPackageProductDependency section */
	};
	rootObject = 94C61C552BD3ED8B0094902E /* Project object */;
}
